
Microsoft Visual Studio Solution File, Format Version 12.00
Project("{FAE04EC0-301F-11D3-BF4B-00C04F79EFBC}") = "Git_TP", "Git_TP\Git_TP.csproj", "{97C2409C-124A-4004-B229-FF95FECB7E63}"
EndProject
Global
	GlobalSection(SolutionConfigurationPlatforms) = preSolution
		Debug|Any CPU = Debug|Any CPU
		Release|Any CPU = Release|Any CPU
	EndGlobalSection
	GlobalSection(ProjectConfigurationPlatforms) = postSolution
		{97C2409C-124A-4004-B229-FF95FECB7E63}.Debug|Any CPU.ActiveCfg = Debug|Any CPU
		{97C2409C-124A-4004-B229-FF95FECB7E63}.Debug|Any CPU.Build.0 = Debug|Any CPU
		{97C2409C-124A-4004-B229-FF95FECB7E63}.Release|Any CPU.ActiveCfg = Release|Any CPU
		{97C2409C-124A-4004-B229-FF95FECB7E63}.Release|Any CPU.Build.0 = Release|Any CPU
	EndGlobalSection
EndGlobal
